
Microsoft Visual Studio Solution File, Format Version 12.00
# Visual Studio Version 17
VisualStudioVersion = 17.6.33815.320
MinimumVisualStudioVersion = 10.0.40219.1
Project("{FAE04EC0-301F-11D3-BF4B-00C04F79EFBC}") = "TaskRocio", "TaskRocio.csproj", "{D7504B46-4BDF-4DC1-9DBF-4E496AA1DADB}"
EndProject
Global
	GlobalSection(SolutionConfigurationPlatforms) = preSolution
		Debug|Any CPU = Debug|Any CPU
		Release|Any CPU = Release|Any CPU
	EndGlobalSection
	GlobalSection(ProjectConfigurationPlatforms) = postSolution
		{D7504B46-4BDF-4DC1-9DBF-4E496AA1DADB}.Debug|Any CPU.ActiveCfg = Debug|Any CPU
		{D7504B46-4BDF-4DC1-9DBF-4E496AA1DADB}.Debug|Any CPU.Build.0 = Debug|Any CPU
		{D7504B46-4BDF-4DC1-9DBF-4E496AA1DADB}.Release|Any CPU.ActiveCfg = Release|Any CPU
		{D7504B46-4BDF-4DC1-9DBF-4E496AA1DADB}.Release|Any CPU.Build.0 = Release|Any CPU
	EndGlobalSection
	GlobalSection(SolutionProperties) = preSolution
		HideSolutionNode = FALSE
	EndGlobalSection
	GlobalSection(ExtensibilityGlobals) = postSolution
		SolutionGuid = {8A4068C4-357D-4788-B81C-FBF28EEE6044}
	EndGlobalSection
EndGlobal
